
Microsoft Visual Studio Solution File, Format Version 12.00
# Visual Studio Version 17
VisualStudioVersion = 17.7.34221.43
MinimumVisualStudioVersion = 10.0.40219.1
Project("{FAE04EC0-301F-11D3-BF4B-00C04F79EFBC}") = "Password Generator", "Password Generator\Password Generator.csproj", "{C8989BA8-7CF9-43E9-8667-D149701B5742}"
EndProject
Global
	GlobalSection(SolutionConfigurationPlatforms) = preSolution
		Debug|Any CPU = Debug|Any CPU
		Release|Any CPU = Release|Any CPU
	EndGlobalSection
	GlobalSection(ProjectConfigurationPlatforms) = postSolution
		{C8989BA8-7CF9-43E9-8667-D149701B5742}.Debug|Any CPU.ActiveCfg = Debug|Any CPU
		{C8989BA8-7CF9-43E9-8667-D149701B5742}.Debug|Any CPU.Build.0 = Debug|Any CPU
		{C8989BA8-7CF9-43E9-8667-D149701B5742}.Release|Any CPU.ActiveCfg = Release|Any CPU
		{C8989BA8-7CF9-43E9-8667-D149701B5742}.Release|Any CPU.Build.0 = Release|Any CPU
	EndGlobalSection
	GlobalSection(SolutionProperties) = preSolution
		HideSolutionNode = FALSE
	EndGlobalSection
	GlobalSection(ExtensibilityGlobals) = postSolution
		SolutionGuid = {F031280D-F9E0-4C0A-8601-3DB536485C2A}
	EndGlobalSection
EndGlobal
